<?xml version="1.0" encoding="UTF-8"?>
<!DOCTYPE plist PUBLIC "-//Apple//DTD PLIST 1.0//EN" "http://www.apple.com/DTDs/PropertyList-1.0.dtd">
<plist version="1.0">
<dict>
	<key>archiveVersion</key>
	<string>1</string>
	<key>classes</key>
	<dict/>
	<key>objectVersion</key>
	<string>46</string>
	<key>objects</key>
	<dict>
		<key>14630182170AFC2F00220E31</key>
		<dict>
			<key>children</key>
			<array>
				<string>14630194170AFC2F00220E31</string>
				<string>146301B1170AFC2F00220E31</string>
				<string>1463018D170AFC2F00220E31</string>
				<string>1463018C170AFC2F00220E31</string>
				<string>60F0F1C7CFC35FC527CC6F67</string>
			</array>
			<key>isa</key>
			<string>PBXGroup</string>
			<key>sourceTree</key>
			<string>&lt;group&gt;</string>
		</dict>
		<key>14630183170AFC2F00220E31</key>
		<dict>
			<key>attributes</key>
			<dict>
				<key>CLASSPREFIX</key>
				<string>SZN</string>
				<key>LastUpgradeCheck</key>
				<string>0460</string>
				<key>ORGANIZATIONNAME</key>
				<string>shazino</string>
			</dict>
			<key>buildConfigurationList</key>
			<string>14630186170AFC2F00220E31</string>
			<key>compatibilityVersion</key>
			<string>Xcode 3.2</string>
			<key>developmentRegion</key>
			<string>English</string>
			<key>hasScannedForEncodings</key>
			<string>0</string>
			<key>isa</key>
			<string>PBXProject</string>
			<key>knownRegions</key>
			<array>
				<string>en</string>
			</array>
			<key>mainGroup</key>
			<string>14630182170AFC2F00220E31</string>
			<key>productRefGroup</key>
			<string>1463018C170AFC2F00220E31</string>
			<key>projectDirPath</key>
			<string></string>
			<key>projectReferences</key>
			<array/>
			<key>projectRoot</key>
			<string></string>
			<key>targets</key>
			<array>
				<string>1463018A170AFC2F00220E31</string>
				<string>146301AA170AFC2F00220E31</string>
			</array>
		</dict>
		<key>14630186170AFC2F00220E31</key>
		<dict>
			<key>buildConfigurations</key>
			<array>
				<string>146301BA170AFC2F00220E31</string>
				<string>146301BB170AFC2F00220E31</string>
			</array>
			<key>defaultConfigurationIsVisible</key>
			<string>0</string>
			<key>defaultConfigurationName</key>
			<string>Release</string>
			<key>isa</key>
			<string>XCConfigurationList</string>
		</dict>
		<key>14630187170AFC2F00220E31</key>
		<dict>
			<key>buildActionMask</key>
			<string>2147483647</string>
			<key>files</key>
			<array>
				<string>1463019B170AFC2F00220E31</string>
				<string>146301A2170AFC2F00220E31</string>
			</array>
			<key>isa</key>
			<string>PBXSourcesBuildPhase</string>
			<key>runOnlyForDeploymentPostprocessing</key>
			<string>0</string>
		</dict>
		<key>14630188170AFC2F00220E31</key>
		<dict>
			<key>buildActionMask</key>
			<string>2147483647</string>
			<key>files</key>
			<array>
				<string>1463018F170AFC2F00220E31</string>
				<string>BCB82FE188804C62B5E9BB63</string>
			</array>
			<key>isa</key>
			<string>PBXFrameworksBuildPhase</string>
			<key>runOnlyForDeploymentPostprocessing</key>
			<string>0</string>
		</dict>
		<key>14630189170AFC2F00220E31</key>
		<dict>
			<key>buildActionMask</key>
			<string>2147483647</string>
			<key>files</key>
			<array>
				<string>14630199170AFC2F00220E31</string>
				<string>1463019F170AFC2F00220E31</string>
				<string>146301A5170AFC2F00220E31</string>
				<string>14FFCB281715614100EFDBAA</string>
			</array>
			<key>isa</key>
			<string>PBXResourcesBuildPhase</string>
			<key>runOnlyForDeploymentPostprocessing</key>
			<string>0</string>
		</dict>
		<key>1463018A170AFC2F00220E31</key>
		<dict>
			<key>buildConfigurationList</key>
			<string>146301BC170AFC2F00220E31</string>
			<key>buildPhases</key>
			<array>
				<string>14630187170AFC2F00220E31</string>
				<string>14630188170AFC2F00220E31</string>
				<string>14630189170AFC2F00220E31</string>
				<string>BB465C6C68C44C52B43B52DF</string>
			</array>
			<key>buildRules</key>
			<array/>
			<key>dependencies</key>
			<array/>
			<key>isa</key>
			<string>PBXNativeTarget</string>
			<key>name</key>
			<string>SZNAltmetricDemoOSX</string>
			<key>productName</key>
			<string>SZNAltmetricDemoOSX</string>
			<key>productReference</key>
			<string>1463018B170AFC2F00220E31</string>
			<key>productType</key>
			<string>com.apple.product-type.application</string>
		</dict>
		<key>1463018B170AFC2F00220E31</key>
		<dict>
			<key>explicitFileType</key>
			<string>wrapper.application</string>
			<key>includeInIndex</key>
			<string>0</string>
			<key>isa</key>
			<string>PBXFileReference</string>
			<key>path</key>
			<string>SZNAltmetricDemoOSX.app</string>
			<key>sourceTree</key>
			<string>BUILT_PRODUCTS_DIR</string>
		</dict>
		<key>1463018C170AFC2F00220E31</key>
		<dict>
			<key>children</key>
			<array>
				<string>1463018B170AFC2F00220E31</string>
				<string>146301AB170AFC2F00220E31</string>
			</array>
			<key>isa</key>
			<string>PBXGroup</string>
			<key>name</key>
			<string>Products</string>
			<key>sourceTree</key>
			<string>&lt;group&gt;</string>
		</dict>
		<key>1463018D170AFC2F00220E31</key>
		<dict>
			<key>children</key>
			<array>
				<string>1463018E170AFC2F00220E31</string>
				<string>146301AC170AFC2F00220E31</string>
				<string>14630190170AFC2F00220E31</string>
				<string>8E540AFA3B454868865832E9</string>
			</array>
			<key>isa</key>
			<string>PBXGroup</string>
			<key>name</key>
			<string>Frameworks</string>
			<key>sourceTree</key>
			<string>&lt;group&gt;</string>
		</dict>
		<key>1463018E170AFC2F00220E31</key>
		<dict>
			<key>isa</key>
			<string>PBXFileReference</string>
			<key>lastKnownFileType</key>
			<string>wrapper.framework</string>
			<key>name</key>
			<string>Cocoa.framework</string>
			<key>path</key>
			<string>System/Library/Frameworks/Cocoa.framework</string>
			<key>sourceTree</key>
			<string>SDKROOT</string>
		</dict>
		<key>1463018F170AFC2F00220E31</key>
		<dict>
			<key>fileRef</key>
			<string>1463018E170AFC2F00220E31</string>
			<key>isa</key>
			<string>PBXBuildFile</string>
		</dict>
		<key>14630190170AFC2F00220E31</key>
		<dict>
			<key>children</key>
			<array>
				<string>14630191170AFC2F00220E31</string>
				<string>14630192170AFC2F00220E31</string>
				<string>14630193170AFC2F00220E31</string>
			</array>
			<key>isa</key>
			<string>PBXGroup</string>
			<key>name</key>
			<string>Other Frameworks</string>
			<key>sourceTree</key>
			<string>&lt;group&gt;</string>
		</dict>
		<key>14630191170AFC2F00220E31</key>
		<dict>
			<key>isa</key>
			<string>PBXFileReference</string>
			<key>lastKnownFileType</key>
			<string>wrapper.framework</string>
			<key>name</key>
			<string>AppKit.framework</string>
			<key>path</key>
			<string>System/Library/Frameworks/AppKit.framework</string>
			<key>sourceTree</key>
			<string>SDKROOT</string>
		</dict>
		<key>14630192170AFC2F00220E31</key>
		<dict>
			<key>isa</key>
			<string>PBXFileReference</string>
			<key>lastKnownFileType</key>
			<string>wrapper.framework</string>
			<key>name</key>
			<string>CoreData.framework</string>
			<key>path</key>
			<string>System/Library/Frameworks/CoreData.framework</string>
			<key>sourceTree</key>
			<string>SDKROOT</string>
		</dict>
		<key>14630193170AFC2F00220E31</key>
		<dict>
			<key>isa</key>
			<string>PBXFileReference</string>
			<key>lastKnownFileType</key>
			<string>wrapper.framework</string>
			<key>name</key>
			<string>Foundation.framework</string>
			<key>path</key>
			<string>System/Library/Frameworks/Foundation.framework</string>
			<key>sourceTree</key>
			<string>SDKROOT</string>
		</dict>
		<key>14630194170AFC2F00220E31</key>
		<dict>
			<key>children</key>
			<array>
				<string>146301A0170AFC2F00220E31</string>
				<string>146301A1170AFC2F00220E31</string>
				<string>146301A3170AFC2F00220E31</string>
				<string>14630195170AFC2F00220E31</string>
			</array>
			<key>isa</key>
			<string>PBXGroup</string>
			<key>path</key>
			<string>SZNAltmetricDemoOSX</string>
			<key>sourceTree</key>
			<string>&lt;group&gt;</string>
		</dict>
		<key>14630195170AFC2F00220E31</key>
		<dict>
			<key>children</key>
			<array>
				<string>14FFCB271715614100EFDBAA</string>
				<string>14630196170AFC2F00220E31</string>
				<string>14630197170AFC2F00220E31</string>
				<string>1463019A170AFC2F00220E31</string>
				<string>1463019C170AFC2F00220E31</string>
				<string>1463019D170AFC2F00220E31</string>
			</array>
			<key>isa</key>
			<string>PBXGroup</string>
			<key>name</key>
			<string>Supporting Files</string>
			<key>sourceTree</key>
			<string>&lt;group&gt;</string>
		</dict>
		<key>14630196170AFC2F00220E31</key>
		<dict>
			<key>isa</key>
			<string>PBXFileReference</string>
			<key>lastKnownFileType</key>
			<string>text.plist.xml</string>
			<key>path</key>
			<string>SZNAltmetricDemoOSX-Info.plist</string>
			<key>sourceTree</key>
			<string>&lt;group&gt;</string>
		</dict>
		<key>14630197170AFC2F00220E31</key>
		<dict>
			<key>children</key>
			<array>
				<string>14630198170AFC2F00220E31</string>
			</array>
			<key>isa</key>
			<string>PBXVariantGroup</string>
			<key>name</key>
			<string>InfoPlist.strings</string>
			<key>sourceTree</key>
			<string>&lt;group&gt;</string>
		</dict>
		<key>14630198170AFC2F00220E31</key>
		<dict>
			<key>isa</key>
			<string>PBXFileReference</string>
			<key>lastKnownFileType</key>
			<string>text.plist.strings</string>
			<key>name</key>
			<string>en</string>
			<key>path</key>
			<string>en.lproj/InfoPlist.strings</string>
			<key>sourceTree</key>
			<string>&lt;group&gt;</string>
		</dict>
		<key>14630199170AFC2F00220E31</key>
		<dict>
			<key>fileRef</key>
			<string>14630197170AFC2F00220E31</string>
			<key>isa</key>
			<string>PBXBuildFile</string>
		</dict>
		<key>1463019A170AFC2F00220E31</key>
		<dict>
			<key>isa</key>
			<string>PBXFileReference</string>
			<key>lastKnownFileType</key>
			<string>sourcecode.c.objc</string>
			<key>path</key>
			<string>main.m</string>
			<key>sourceTree</key>
			<string>&lt;group&gt;</string>
		</dict>
		<key>1463019B170AFC2F00220E31</key>
		<dict>
			<key>fileRef</key>
			<string>1463019A170AFC2F00220E31</string>
			<key>isa</key>
			<string>PBXBuildFile</string>
		</dict>
		<key>1463019C170AFC2F00220E31</key>
		<dict>
			<key>isa</key>
			<string>PBXFileReference</string>
			<key>lastKnownFileType</key>
			<string>sourcecode.c.h</string>
			<key>path</key>
			<string>SZNAltmetricDemoOSX-Prefix.pch</string>
			<key>sourceTree</key>
			<string>&lt;group&gt;</string>
		</dict>
		<key>1463019D170AFC2F00220E31</key>
		<dict>
			<key>children</key>
			<array>
				<string>1463019E170AFC2F00220E31</string>
			</array>
			<key>isa</key>
			<string>PBXVariantGroup</string>
			<key>name</key>
			<string>Credits.rtf</string>
			<key>sourceTree</key>
			<string>&lt;group&gt;</string>
		</dict>
		<key>1463019E170AFC2F00220E31</key>
		<dict>
			<key>isa</key>
			<string>PBXFileReference</string>
			<key>lastKnownFileType</key>
			<string>text.rtf</string>
			<key>name</key>
			<string>en</string>
			<key>path</key>
			<string>en.lproj/Credits.rtf</string>
			<key>sourceTree</key>
			<string>&lt;group&gt;</string>
		</dict>
		<key>1463019F170AFC2F00220E31</key>
		<dict>
			<key>fileRef</key>
			<string>1463019D170AFC2F00220E31</string>
			<key>isa</key>
			<string>PBXBuildFile</string>
		</dict>
		<key>146301A0170AFC2F00220E31</key>
		<dict>
			<key>isa</key>
			<string>PBXFileReference</string>
			<key>lastKnownFileType</key>
			<string>sourcecode.c.h</string>
			<key>path</key>
			<string>SZNAppDelegate.h</string>
			<key>sourceTree</key>
			<string>&lt;group&gt;</string>
		</dict>
		<key>146301A1170AFC2F00220E31</key>
		<dict>
			<key>isa</key>
			<string>PBXFileReference</string>
			<key>lastKnownFileType</key>
			<string>sourcecode.c.objc</string>
			<key>path</key>
			<string>SZNAppDelegate.m</string>
			<key>sourceTree</key>
			<string>&lt;group&gt;</string>
		</dict>
		<key>146301A2170AFC2F00220E31</key>
		<dict>
			<key>fileRef</key>
			<string>146301A1170AFC2F00220E31</string>
			<key>isa</key>
			<string>PBXBuildFile</string>
		</dict>
		<key>146301A3170AFC2F00220E31</key>
		<dict>
			<key>children</key>
			<array>
				<string>146301A4170AFC2F00220E31</string>
			</array>
			<key>isa</key>
			<string>PBXVariantGroup</string>
			<key>name</key>
			<string>MainMenu.xib</string>
			<key>sourceTree</key>
			<string>&lt;group&gt;</string>
		</dict>
		<key>146301A4170AFC2F00220E31</key>
		<dict>
			<key>isa</key>
			<string>PBXFileReference</string>
			<key>lastKnownFileType</key>
			<string>file.xib</string>
			<key>name</key>
			<string>en</string>
			<key>path</key>
			<string>en.lproj/MainMenu.xib</string>
			<key>sourceTree</key>
			<string>&lt;group&gt;</string>
		</dict>
		<key>146301A5170AFC2F00220E31</key>
		<dict>
			<key>fileRef</key>
			<string>146301A3170AFC2F00220E31</string>
			<key>isa</key>
			<string>PBXBuildFile</string>
		</dict>
		<key>146301A6170AFC2F00220E31</key>
		<dict>
			<key>buildActionMask</key>
			<string>2147483647</string>
			<key>files</key>
			<array>
				<string>146301B9170AFC2F00220E31</string>
				<string>146301CA170B181500220E31</string>
			</array>
			<key>isa</key>
			<string>PBXSourcesBuildPhase</string>
			<key>runOnlyForDeploymentPostprocessing</key>
			<string>0</string>
		</dict>
		<key>146301A7170AFC2F00220E31</key>
		<dict>
			<key>buildActionMask</key>
			<string>2147483647</string>
			<key>files</key>
			<array>
				<string>146301AD170AFC2F00220E31</string>
				<string>146301AE170AFC2F00220E31</string>
			</array>
			<key>isa</key>
			<string>PBXFrameworksBuildPhase</string>
			<key>runOnlyForDeploymentPostprocessing</key>
			<string>0</string>
		</dict>
		<key>146301A8170AFC2F00220E31</key>
		<dict>
			<key>buildActionMask</key>
			<string>2147483647</string>
			<key>files</key>
			<array>
				<string>146301B6170AFC2F00220E31</string>
				<string>14BA88CF17143FFB00FE3550</string>
				<string>14FB98021728181D00F720E4</string>
			</array>
			<key>isa</key>
			<string>PBXResourcesBuildPhase</string>
			<key>runOnlyForDeploymentPostprocessing</key>
			<string>0</string>
		</dict>
		<key>146301A9170AFC2F00220E31</key>
		<dict>
			<key>buildActionMask</key>
			<string>2147483647</string>
			<key>files</key>
			<array/>
			<key>inputPaths</key>
			<array/>
			<key>isa</key>
			<string>PBXShellScriptBuildPhase</string>
			<key>outputPaths</key>
			<array/>
			<key>runOnlyForDeploymentPostprocessing</key>
			<string>0</string>
			<key>shellPath</key>
			<string>/bin/sh</string>
			<key>shellScript</key>
			<string># Run the unit tests in this test bundle.
"${SYSTEM_DEVELOPER_DIR}/Tools/RunUnitTests"
</string>
		</dict>
		<key>146301AA170AFC2F00220E31</key>
		<dict>
			<key>buildConfigurationList</key>
			<string>146301BF170AFC2F00220E31</string>
			<key>buildPhases</key>
			<array>
				<string>146301A6170AFC2F00220E31</string>
				<string>146301A7170AFC2F00220E31</string>
				<string>146301A8170AFC2F00220E31</string>
				<string>146301A9170AFC2F00220E31</string>
			</array>
			<key>buildRules</key>
			<array/>
			<key>dependencies</key>
			<array>
				<string>146301B0170AFC2F00220E31</string>
			</array>
			<key>isa</key>
			<string>PBXNativeTarget</string>
			<key>name</key>
			<string>SZNAltmetricDemoOSXTests</string>
			<key>productName</key>
			<string>SZNAltmetricDemoOSXTests</string>
			<key>productReference</key>
			<string>146301AB170AFC2F00220E31</string>
			<key>productType</key>
			<string>com.apple.product-type.bundle</string>
		</dict>
		<key>146301AB170AFC2F00220E31</key>
		<dict>
			<key>explicitFileType</key>
			<string>wrapper.cfbundle</string>
			<key>includeInIndex</key>
			<string>0</string>
			<key>isa</key>
			<string>PBXFileReference</string>
			<key>path</key>
			<string>SZNAltmetricDemoOSXTests.octest</string>
			<key>sourceTree</key>
			<string>BUILT_PRODUCTS_DIR</string>
		</dict>
		<key>146301AC170AFC2F00220E31</key>
		<dict>
			<key>isa</key>
			<string>PBXFileReference</string>
			<key>lastKnownFileType</key>
			<string>wrapper.framework</string>
			<key>name</key>
			<string>SenTestingKit.framework</string>
			<key>path</key>
			<string>Library/Frameworks/SenTestingKit.framework</string>
			<key>sourceTree</key>
			<string>DEVELOPER_DIR</string>
		</dict>
		<key>146301AD170AFC2F00220E31</key>
		<dict>
			<key>fileRef</key>
			<string>146301AC170AFC2F00220E31</string>
			<key>isa</key>
			<string>PBXBuildFile</string>
		</dict>
		<key>146301AE170AFC2F00220E31</key>
		<dict>
			<key>fileRef</key>
			<string>1463018E170AFC2F00220E31</string>
			<key>isa</key>
			<string>PBXBuildFile</string>
		</dict>
		<key>146301AF170AFC2F00220E31</key>
		<dict>
			<key>containerPortal</key>
			<string>14630183170AFC2F00220E31</string>
			<key>isa</key>
			<string>PBXContainerItemProxy</string>
			<key>proxyType</key>
			<string>1</string>
			<key>remoteGlobalIDString</key>
			<string>1463018A170AFC2F00220E31</string>
			<key>remoteInfo</key>
			<string>SZNAltmetricDemoOSX</string>
		</dict>
		<key>146301B0170AFC2F00220E31</key>
		<dict>
			<key>isa</key>
			<string>PBXTargetDependency</string>
			<key>target</key>
			<string>1463018A170AFC2F00220E31</string>
			<key>targetProxy</key>
			<string>146301AF170AFC2F00220E31</string>
		</dict>
		<key>146301B1170AFC2F00220E31</key>
		<dict>
			<key>children</key>
			<array>
				<string>146301B7170AFC2F00220E31</string>
				<string>146301B8170AFC2F00220E31</string>
				<string>146301C8170B181500220E31</string>
				<string>146301C9170B181500220E31</string>
				<string>14BA88D017143FFE00FE3550</string>
				<string>146301B2170AFC2F00220E31</string>
			</array>
			<key>isa</key>
			<string>PBXGroup</string>
			<key>path</key>
			<string>SZNAltmetricDemoOSXTests</string>
			<key>sourceTree</key>
			<string>&lt;group&gt;</string>
		</dict>
		<key>146301B2170AFC2F00220E31</key>
		<dict>
			<key>children</key>
			<array>
				<string>146301B3170AFC2F00220E31</string>
				<string>146301B4170AFC2F00220E31</string>
			</array>
			<key>isa</key>
			<string>PBXGroup</string>
			<key>name</key>
			<string>Supporting Files</string>
			<key>sourceTree</key>
			<string>&lt;group&gt;</string>
		</dict>
		<key>146301B3170AFC2F00220E31</key>
		<dict>
			<key>isa</key>
			<string>PBXFileReference</string>
			<key>lastKnownFileType</key>
			<string>text.plist.xml</string>
			<key>path</key>
			<string>SZNAltmetricDemoOSXTests-Info.plist</string>
			<key>sourceTree</key>
			<string>&lt;group&gt;</string>
		</dict>
		<key>146301B4170AFC2F00220E31</key>
		<dict>
			<key>children</key>
			<array>
				<string>146301B5170AFC2F00220E31</string>
			</array>
			<key>isa</key>
			<string>PBXVariantGroup</string>
			<key>name</key>
			<string>InfoPlist.strings</string>
			<key>sourceTree</key>
			<string>&lt;group&gt;</string>
		</dict>
		<key>146301B5170AFC2F00220E31</key>
		<dict>
			<key>isa</key>
			<string>PBXFileReference</string>
			<key>lastKnownFileType</key>
			<string>text.plist.strings</string>
			<key>name</key>
			<string>en</string>
			<key>path</key>
			<string>en.lproj/InfoPlist.strings</string>
			<key>sourceTree</key>
			<string>&lt;group&gt;</string>
		</dict>
		<key>146301B6170AFC2F00220E31</key>
		<dict>
			<key>fileRef</key>
			<string>146301B4170AFC2F00220E31</string>
			<key>isa</key>
			<string>PBXBuildFile</string>
		</dict>
		<key>146301B7170AFC2F00220E31</key>
		<dict>
			<key>isa</key>
			<string>PBXFileReference</string>
			<key>lastKnownFileType</key>
			<string>sourcecode.c.h</string>
			<key>name</key>
			<string>SZNAltmetricDemoOSXTests.h</string>
			<key>path</key>
			<string>classes/SZNAltmetricDemoOSXTests.h</string>
			<key>sourceTree</key>
			<string>&lt;group&gt;</string>
		</dict>
		<key>146301B8170AFC2F00220E31</key>
		<dict>
			<key>isa</key>
			<string>PBXFileReference</string>
			<key>lastKnownFileType</key>
			<string>sourcecode.c.objc</string>
			<key>name</key>
			<string>SZNAltmetricDemoOSXTests.m</string>
			<key>path</key>
			<string>classes/SZNAltmetricDemoOSXTests.m</string>
			<key>sourceTree</key>
			<string>&lt;group&gt;</string>
		</dict>
		<key>146301B9170AFC2F00220E31</key>
		<dict>
			<key>fileRef</key>
			<string>146301B8170AFC2F00220E31</string>
			<key>isa</key>
			<string>PBXBuildFile</string>
		</dict>
		<key>146301BA170AFC2F00220E31</key>
		<dict>
			<key>buildSettings</key>
			<dict>
				<key>ALWAYS_SEARCH_USER_PATHS</key>
				<string>NO</string>
				<key>ARCHS</key>
				<string>$(ARCHS_STANDARD_64_BIT)</string>
				<key>CLANG_CXX_LANGUAGE_STANDARD</key>
				<string>gnu++0x</string>
				<key>CLANG_CXX_LIBRARY</key>
				<string>libc++</string>
				<key>CLANG_ENABLE_OBJC_ARC</key>
				<string>YES</string>
				<key>CLANG_WARN_CONSTANT_CONVERSION</key>
				<string>YES</string>
				<key>CLANG_WARN_EMPTY_BODY</key>
				<string>YES</string>
				<key>CLANG_WARN_ENUM_CONVERSION</key>
				<string>YES</string>
				<key>CLANG_WARN_INT_CONVERSION</key>
				<string>YES</string>
				<key>CLANG_WARN__DUPLICATE_METHOD_MATCH</key>
				<string>YES</string>
				<key>COPY_PHASE_STRIP</key>
				<string>NO</string>
				<key>GCC_C_LANGUAGE_STANDARD</key>
				<string>gnu99</string>
				<key>GCC_DYNAMIC_NO_PIC</key>
				<string>NO</string>
				<key>GCC_ENABLE_OBJC_EXCEPTIONS</key>
				<string>YES</string>
				<key>GCC_OPTIMIZATION_LEVEL</key>
				<string>0</string>
				<key>GCC_PREPROCESSOR_DEFINITIONS</key>
				<array>
					<string>DEBUG=1</string>
					<string>$(inherited)</string>
				</array>
				<key>GCC_SYMBOLS_PRIVATE_EXTERN</key>
				<string>NO</string>
				<key>GCC_WARN_64_TO_32_BIT_CONVERSION</key>
				<string>YES</string>
				<key>GCC_WARN_ABOUT_RETURN_TYPE</key>
				<string>YES</string>
				<key>GCC_WARN_UNINITIALIZED_AUTOS</key>
				<string>YES</string>
				<key>GCC_WARN_UNUSED_VARIABLE</key>
				<string>YES</string>
				<key>MACOSX_DEPLOYMENT_TARGET</key>
				<string>10.8</string>
				<key>ONLY_ACTIVE_ARCH</key>
				<string>YES</string>
				<key>SDKROOT</key>
				<string>macosx</string>
			</dict>
			<key>isa</key>
			<string>XCBuildConfiguration</string>
			<key>name</key>
			<string>Debug</string>
		</dict>
		<key>146301BB170AFC2F00220E31</key>
		<dict>
			<key>buildSettings</key>
			<dict>
				<key>ALWAYS_SEARCH_USER_PATHS</key>
				<string>NO</string>
				<key>ARCHS</key>
				<string>$(ARCHS_STANDARD_64_BIT)</string>
				<key>CLANG_CXX_LANGUAGE_STANDARD</key>
				<string>gnu++0x</string>
				<key>CLANG_CXX_LIBRARY</key>
				<string>libc++</string>
				<key>CLANG_ENABLE_OBJC_ARC</key>
				<string>YES</string>
				<key>CLANG_WARN_CONSTANT_CONVERSION</key>
				<string>YES</string>
				<key>CLANG_WARN_EMPTY_BODY</key>
				<string>YES</string>
				<key>CLANG_WARN_ENUM_CONVERSION</key>
				<string>YES</string>
				<key>CLANG_WARN_INT_CONVERSION</key>
				<string>YES</string>
				<key>CLANG_WARN__DUPLICATE_METHOD_MATCH</key>
				<string>YES</string>
				<key>COPY_PHASE_STRIP</key>
				<string>YES</string>
				<key>DEBUG_INFORMATION_FORMAT</key>
				<string>dwarf-with-dsym</string>
				<key>GCC_C_LANGUAGE_STANDARD</key>
				<string>gnu99</string>
				<key>GCC_ENABLE_OBJC_EXCEPTIONS</key>
				<string>YES</string>
				<key>GCC_WARN_64_TO_32_BIT_CONVERSION</key>
				<string>YES</string>
				<key>GCC_WARN_ABOUT_RETURN_TYPE</key>
				<string>YES</string>
				<key>GCC_WARN_UNINITIALIZED_AUTOS</key>
				<string>YES</string>
				<key>GCC_WARN_UNUSED_VARIABLE</key>
				<string>YES</string>
				<key>MACOSX_DEPLOYMENT_TARGET</key>
				<string>10.8</string>
				<key>SDKROOT</key>
				<string>macosx</string>
			</dict>
			<key>isa</key>
			<string>XCBuildConfiguration</string>
			<key>name</key>
			<string>Release</string>
		</dict>
		<key>146301BC170AFC2F00220E31</key>
		<dict>
			<key>buildConfigurations</key>
			<array>
				<string>146301BD170AFC2F00220E31</string>
				<string>146301BE170AFC2F00220E31</string>
			</array>
			<key>defaultConfigurationIsVisible</key>
			<string>0</string>
			<key>defaultConfigurationName</key>
			<string>Release</string>
			<key>isa</key>
			<string>XCConfigurationList</string>
		</dict>
		<key>146301BD170AFC2F00220E31</key>
		<dict>
			<key>baseConfigurationReference</key>
			<string>4DAFFDC5473063C2245FBCD4</string>
			<key>buildSettings</key>
			<dict>
				<key>COMBINE_HIDPI_IMAGES</key>
				<string>YES</string>
				<key>GCC_PRECOMPILE_PREFIX_HEADER</key>
				<string>YES</string>
				<key>GCC_PREFIX_HEADER</key>
				<string>SZNAltmetricDemoOSX/SZNAltmetricDemoOSX-Prefix.pch</string>
				<key>INFOPLIST_FILE</key>
				<string>SZNAltmetricDemoOSX/SZNAltmetricDemoOSX-Info.plist</string>
				<key>MACOSX_DEPLOYMENT_TARGET</key>
				<string>10.7</string>
				<key>PRODUCT_NAME</key>
				<string>$(TARGET_NAME)</string>
				<key>WRAPPER_EXTENSION</key>
				<string>app</string>
			</dict>
			<key>isa</key>
			<string>XCBuildConfiguration</string>
			<key>name</key>
			<string>Debug</string>
		</dict>
		<key>146301BE170AFC2F00220E31</key>
		<dict>
			<key>baseConfigurationReference</key>
			<string>937E3EB5B18AE0B04BF266CE</string>
			<key>buildSettings</key>
			<dict>
				<key>COMBINE_HIDPI_IMAGES</key>
				<string>YES</string>
				<key>GCC_PRECOMPILE_PREFIX_HEADER</key>
				<string>YES</string>
				<key>GCC_PREFIX_HEADER</key>
				<string>SZNAltmetricDemoOSX/SZNAltmetricDemoOSX-Prefix.pch</string>
				<key>INFOPLIST_FILE</key>
				<string>SZNAltmetricDemoOSX/SZNAltmetricDemoOSX-Info.plist</string>
				<key>MACOSX_DEPLOYMENT_TARGET</key>
				<string>10.7</string>
				<key>PRODUCT_NAME</key>
				<string>$(TARGET_NAME)</string>
				<key>WRAPPER_EXTENSION</key>
				<string>app</string>
			</dict>
			<key>isa</key>
			<string>XCBuildConfiguration</string>
			<key>name</key>
			<string>Release</string>
		</dict>
		<key>146301BF170AFC2F00220E31</key>
		<dict>
			<key>buildConfigurations</key>
			<array>
				<string>146301C0170AFC2F00220E31</string>
				<string>146301C1170AFC2F00220E31</string>
			</array>
			<key>defaultConfigurationIsVisible</key>
			<string>0</string>
			<key>defaultConfigurationName</key>
			<string>Release</string>
			<key>isa</key>
			<string>XCConfigurationList</string>
		</dict>
		<key>146301C0170AFC2F00220E31</key>
		<dict>
			<key>buildSettings</key>
			<dict>
				<key>BUNDLE_LOADER</key>
				<string>$(BUILT_PRODUCTS_DIR)/SZNAltmetricDemoOSX.app/Contents/MacOS/SZNAltmetricDemoOSX</string>
				<key>COMBINE_HIDPI_IMAGES</key>
				<string>YES</string>
				<key>FRAMEWORK_SEARCH_PATHS</key>
				<string>"$(DEVELOPER_LIBRARY_DIR)/Frameworks"</string>
				<key>GCC_PRECOMPILE_PREFIX_HEADER</key>
				<string>YES</string>
				<key>GCC_PREFIX_HEADER</key>
				<string>SZNAltmetricDemoOSX/SZNAltmetricDemoOSX-Prefix.pch</string>
				<key>INFOPLIST_FILE</key>
				<string>SZNAltmetricDemoOSXTests/SZNAltmetricDemoOSXTests-Info.plist</string>
				<key>PRODUCT_NAME</key>
				<string>$(TARGET_NAME)</string>
				<key>TEST_HOST</key>
				<string>$(BUNDLE_LOADER)</string>
				<key>WRAPPER_EXTENSION</key>
				<string>octest</string>
			</dict>
			<key>isa</key>
			<string>XCBuildConfiguration</string>
			<key>name</key>
			<string>Debug</string>
		</dict>
		<key>146301C1170AFC2F00220E31</key>
		<dict>
			<key>buildSettings</key>
			<dict>
				<key>BUNDLE_LOADER</key>
				<string>$(BUILT_PRODUCTS_DIR)/SZNAltmetricDemoOSX.app/Contents/MacOS/SZNAltmetricDemoOSX</string>
				<key>COMBINE_HIDPI_IMAGES</key>
				<string>YES</string>
				<key>FRAMEWORK_SEARCH_PATHS</key>
				<string>"$(DEVELOPER_LIBRARY_DIR)/Frameworks"</string>
				<key>GCC_PRECOMPILE_PREFIX_HEADER</key>
				<string>YES</string>
				<key>GCC_PREFIX_HEADER</key>
				<string>SZNAltmetricDemoOSX/SZNAltmetricDemoOSX-Prefix.pch</string>
				<key>INFOPLIST_FILE</key>
				<string>SZNAltmetricDemoOSXTests/SZNAltmetricDemoOSXTests-Info.plist</string>
				<key>PRODUCT_NAME</key>
				<string>$(TARGET_NAME)</string>
				<key>TEST_HOST</key>
				<string>$(BUNDLE_LOADER)</string>
				<key>WRAPPER_EXTENSION</key>
				<string>octest</string>
			</dict>
			<key>isa</key>
			<string>XCBuildConfiguration</string>
			<key>name</key>
			<string>Release</string>
		</dict>
		<key>146301C8170B181500220E31</key>
		<dict>
			<key>fileEncoding</key>
			<string>4</string>
			<key>isa</key>
			<string>PBXFileReference</string>
			<key>lastKnownFileType</key>
			<string>sourcecode.c.h</string>
			<key>name</key>
			<string>SZNAltmetricArticleTests.h</string>
			<key>path</key>
			<string>classes/SZNAltmetricArticleTests.h</string>
			<key>sourceTree</key>
			<string>&lt;group&gt;</string>
		</dict>
		<key>146301C9170B181500220E31</key>
		<dict>
			<key>fileEncoding</key>
			<string>4</string>
			<key>isa</key>
			<string>PBXFileReference</string>
			<key>lastKnownFileType</key>
			<string>sourcecode.c.objc</string>
			<key>name</key>
			<string>SZNAltmetricArticleTests.m</string>
			<key>path</key>
			<string>classes/SZNAltmetricArticleTests.m</string>
			<key>sourceTree</key>
			<string>&lt;group&gt;</string>
		</dict>
		<key>146301CA170B181500220E31</key>
		<dict>
			<key>fileRef</key>
			<string>146301C9170B181500220E31</string>
			<key>isa</key>
			<string>PBXBuildFile</string>
		</dict>
		<key>14BA88CE17143FFB00FE3550</key>
		<dict>
			<key>fileEncoding</key>
			<string>4</string>
			<key>isa</key>
			<string>PBXFileReference</string>
			<key>lastKnownFileType</key>
			<string>text.json</string>
			<key>name</key>
			<string>article.json</string>
			<key>path</key>
			<string>resources/article.json</string>
			<key>sourceTree</key>
			<string>&lt;group&gt;</string>
		</dict>
		<key>14BA88CF17143FFB00FE3550</key>
		<dict>
			<key>fileRef</key>
			<string>14BA88CE17143FFB00FE3550</string>
			<key>isa</key>
			<string>PBXBuildFile</string>
		</dict>
		<key>14BA88D017143FFE00FE3550</key>
		<dict>
			<key>children</key>
			<array>
				<string>14BA88CE17143FFB00FE3550</string>
				<string>14FB98011728181D00F720E4</string>
			</array>
			<key>isa</key>
			<string>PBXGroup</string>
			<key>name</key>
			<string>Resources</string>
			<key>sourceTree</key>
			<string>&lt;group&gt;</string>
		</dict>
		<key>14FB98011728181D00F720E4</key>
		<dict>
			<key>fileEncoding</key>
			<string>4</string>
			<key>isa</key>
			<string>PBXFileReference</string>
			<key>lastKnownFileType</key>
			<string>text.json</string>
			<key>name</key>
			<string>articleDetails.json</string>
			<key>path</key>
			<string>resources/articleDetails.json</string>
			<key>sourceTree</key>
			<string>&lt;group&gt;</string>
		</dict>
		<key>14FB98021728181D00F720E4</key>
		<dict>
			<key>fileRef</key>
			<string>14FB98011728181D00F720E4</string>
			<key>isa</key>
			<string>PBXBuildFile</string>
		</dict>
		<key>14FFCB271715614100EFDBAA</key>
		<dict>
			<key>isa</key>
			<string>PBXFileReference</string>
			<key>lastKnownFileType</key>
			<string>folder.iconset</string>
			<key>path</key>
			<string>SZNAltmetricDemoOSX.iconset</string>
			<key>sourceTree</key>
			<string>SOURCE_ROOT</string>
		</dict>
		<key>14FFCB281715614100EFDBAA</key>
		<dict>
			<key>fileRef</key>
			<string>14FFCB271715614100EFDBAA</string>
			<key>isa</key>
			<string>PBXBuildFile</string>
		</dict>
		<key>4DAFFDC5473063C2245FBCD4</key>
		<dict>
			<key>includeInIndex</key>
			<string>1</string>
			<key>isa</key>
			<string>PBXFileReference</string>
			<key>lastKnownFileType</key>
			<string>text.xcconfig</string>
			<key>name</key>
			<string>Pods.debug.xcconfig</string>
			<key>path</key>
			<string>Pods/Target Support Files/Pods/Pods.debug.xcconfig</string>
			<key>sourceTree</key>
			<string>&lt;group&gt;</string>
		</dict>
		<key>60F0F1C7CFC35FC527CC6F67</key>
		<dict>
			<key>children</key>
			<array>
				<string>4DAFFDC5473063C2245FBCD4</string>
				<string>937E3EB5B18AE0B04BF266CE</string>
			</array>
			<key>isa</key>
			<string>PBXGroup</string>
			<key>name</key>
			<string>Pods</string>
			<key>sourceTree</key>
			<string>&lt;group&gt;</string>
		</dict>
		<key>8E540AFA3B454868865832E9</key>
		<dict>
			<key>explicitFileType</key>
			<string>archive.ar</string>
			<key>includeInIndex</key>
			<string>0</string>
			<key>isa</key>
			<string>PBXFileReference</string>
			<key>path</key>
			<string>libPods.a</string>
			<key>sourceTree</key>
			<string>BUILT_PRODUCTS_DIR</string>
		</dict>
		<key>937E3EB5B18AE0B04BF266CE</key>
		<dict>
			<key>includeInIndex</key>
			<string>1</string>
			<key>isa</key>
			<string>PBXFileReference</string>
			<key>lastKnownFileType</key>
			<string>text.xcconfig</string>
			<key>name</key>
			<string>Pods.release.xcconfig</string>
			<key>path</key>
			<string>Pods/Target Support Files/Pods/Pods.release.xcconfig</string>
			<key>sourceTree</key>
			<string>&lt;group&gt;</string>
		</dict>
		<key>BB465C6C68C44C52B43B52DF</key>
		<dict>
			<key>buildActionMask</key>
			<string>2147483647</string>
			<key>files</key>
			<array/>
			<key>inputPaths</key>
			<array/>
			<key>isa</key>
			<string>PBXShellScriptBuildPhase</string>
			<key>name</key>
			<string>Copy Pods Resources</string>
			<key>outputPaths</key>
			<array/>
			<key>runOnlyForDeploymentPostprocessing</key>
			<string>0</string>
			<key>shellPath</key>
			<string>/bin/sh</string>
			<key>shellScript</key>
			<string>"${SRCROOT}/Pods/Target Support Files/Pods/Pods-resources.sh"
</string>
		</dict>
		<key>BCB82FE188804C62B5E9BB63</key>
		<dict>
			<key>fileRef</key>
			<string>8E540AFA3B454868865832E9</string>
			<key>isa</key>
			<string>PBXBuildFile</string>
		</dict>
	</dict>
	<key>rootObject</key>
	<string>14630183170AFC2F00220E31</string>
</dict>
</plist>
